// !$*UTF8*$!
{
	archiveVersion = 1;
	classes = {
	};
	objectVersion = 77;
	objects = {

/* Begin PBXBuildFile section */
		8453A31F2CB15EC200ED14FF /* FacebookCore in Frameworks */ = {isa = PBXBuildFile; productRef = 8453A31E2CB15EC200ED14FF /* FacebookCore */; };
		847234562CAECB0B002BDF7C /* FirebaseAnalytics in Frameworks */ = {isa = PBXBuildFile; productRef = 847234552CAECB0B002BDF7C /* FirebaseAnalytics */; };
		847234582CAECB0B002BDF7C /* FirebaseDatabase in Frameworks */ = {isa = PBXBuildFile; productRef = 847234572CAECB0B002BDF7C /* FirebaseDatabase */; };
		8472345A2CAECB0B002BDF7C /* FirebaseMessaging in Frameworks */ = {isa = PBXBuildFile; productRef = 847234592CAECB0B002BDF7C /* FirebaseMessaging */; };
		84B88AB82CB3DF9000F3D255 /* Preview Assets.xcassets in Resources */ = {isa = PBXBuildFile; fileRef = 84B88AB02CB3DF9000F3D255 /* Preview Assets.xcassets */; };
		84B88AB92CB3DF9000F3D255 /* Assets.xcassets in Resources */ = {isa = PBXBuildFile; fileRef = 84B88AB32CB3DF9000F3D255 /* Assets.xcassets */; };
		84B88ABA2CB3DF9000F3D255 /* GoogleService-Info.plist in Resources */ = {isa = PBXBuildFile; fileRef = 84B88AB42CB3DF9000F3D255 /* GoogleService-Info.plist */; };
		84B88ABB2CB3DF9000F3D255 /* Constants.swift in Sources */ = {isa = PBXBuildFile; fileRef = 84B88AA72CB3DF9000F3D255 /* Constants.swift */; };
		84B88ABC2CB3DF9000F3D255 /* ContentView.swift in Sources */ = {isa = PBXBuildFile; fileRef = 84B88AA82CB3DF9000F3D255 /* ContentView.swift */; };
		84B88ABD2CB3DF9000F3D255 /* WebView.swift in Sources */ = {isa = PBXBuildFile; fileRef = 84B88AA92CB3DF9000F3D255 /* WebView.swift */; };
		84B88ABF2CB3DF9000F3D255 /* viewModel.swift in Sources */ = {isa = PBXBuildFile; fileRef = 84B88AAC2CB3DF9000F3D255 /* viewModel.swift */; };
		84B88AC02CB3DF9000F3D255 /* Urls.swift in Sources */ = {isa = PBXBuildFile; fileRef = 84B88AAE2CB3DF9000F3D255 /* Urls.swift */; };
		84B88AC12CB3DF9000F3D255 /* APIManager.swift in Sources */ = {isa = PBXBuildFile; fileRef = 84B88AB22CB3DF9000F3D255 /* APIManager.swift */; };
		84B88AC32CB3DF9000F3D255 /* testPrilkaApp.swift in Sources */ = {isa = PBXBuildFile; fileRef = 84B88AB62CB3DF9000F3D255 /* testPrilkaApp.swift */; };
		84B88AC62CB3E04000F3D255 /* AppsFlyerLib-Static in Frameworks */ = {isa = PBXBuildFile; productRef = 84B88AC52CB3E04000F3D255 /* AppsFlyerLib-Static */; };
/* End PBXBuildFile section */

/* Begin PBXFileReference section */
		847234322CAEC9DA002BDF7C /* testPrilka.app */ = {isa = PBXFileReference; explicitFileType = wrapper.application; includeInIndex = 0; path = testPrilka.app; sourceTree = BUILT_PRODUCTS_DIR; };
		84B88AA72CB3DF9000F3D255 /* Constants.swift */ = {isa = PBXFileReference; lastKnownFileType = sourcecode.swift; path = Constants.swift; sourceTree = "<group>"; };
		84B88AA82CB3DF9000F3D255 /* ContentView.swift */ = {isa = PBXFileReference; lastKnownFileType = sourcecode.swift; path = ContentView.swift; sourceTree = "<group>"; };
		84B88AA92CB3DF9000F3D255 /* WebView.swift */ = {isa = PBXFileReference; lastKnownFileType = sourcecode.swift; path = WebView.swift; sourceTree = "<group>"; };
		84B88AAC2CB3DF9000F3D255 /* viewModel.swift */ = {isa = PBXFileReference; lastKnownFileType = sourcecode.swift; path = viewModel.swift; sourceTree = "<group>"; };
		84B88AAE2CB3DF9000F3D255 /* Urls.swift */ = {isa = PBXFileReference; lastKnownFileType = sourcecode.swift; path = Urls.swift; sourceTree = "<group>"; };
		84B88AB02CB3DF9000F3D255 /* Preview Assets.xcassets */ = {isa = PBXFileReference; lastKnownFileType = folder.assetcatalog; path = "Preview Assets.xcassets"; sourceTree = "<group>"; };
		84B88AB22CB3DF9000F3D255 /* APIManager.swift */ = {isa = PBXFileReference; lastKnownFileType = sourcecode.swift; path = APIManager.swift; sourceTree = "<group>"; };
		84B88AB32CB3DF9000F3D255 /* Assets.xcassets */ = {isa = PBXFileReference; lastKnownFileType = folder.assetcatalog; path = Assets.xcassets; sourceTree = "<group>"; };
		84B88AB42CB3DF9000F3D255 /* GoogleService-Info.plist */ = {isa = PBXFileReference; lastKnownFileType = text.plist.xml; path = "GoogleService-Info.plist"; sourceTree = "<group>"; };
		84B88AB62CB3DF9000F3D255 /* testPrilkaApp.swift */ = {isa = PBXFileReference; lastKnownFileType = sourcecode.swift; path = testPrilkaApp.swift; sourceTree = "<group>"; };
/* End PBXFileReference section */

/* Begin PBXFrameworksBuildPhase section */
		8472342F2CAEC9DA002BDF7C /* Frameworks */ = {
			isa = PBXFrameworksBuildPhase;
			buildActionMask = 2147483647;
			files = (
				8472345A2CAECB0B002BDF7C /* FirebaseMessaging in Frameworks */,
				84B88AC62CB3E04000F3D255 /* AppsFlyerLib-Static in Frameworks */,
				847234582CAECB0B002BDF7C /* FirebaseDatabase in Frameworks */,
				847234562CAECB0B002BDF7C /* FirebaseAnalytics in Frameworks */,
				8453A31F2CB15EC200ED14FF /* FacebookCore in Frameworks */,
			);
			runOnlyForDeploymentPostprocessing = 0;
		};
/* End PBXFrameworksBuildPhase section */

/* Begin PBXGroup section */
		847234292CAEC9DA002BDF7C = {
			isa = PBXGroup;
			children = (
				84B88AB72CB3DF9000F3D255 /* testPrilka */,
				847234332CAEC9DA002BDF7C /* Products */,
			);
			sourceTree = "<group>";
		};
		847234332CAEC9DA002BDF7C /* Products */ = {
			isa = PBXGroup;
			children = (
				847234322CAEC9DA002BDF7C /* testPrilka.app */,
			);
			name = Products;
			sourceTree = "<group>";
		};
		84B88AAB2CB3DF9000F3D255 /* MainView */ = {
			isa = PBXGroup;
			children = (
				84B88AA82CB3DF9000F3D255 /* ContentView.swift */,
			);
			path = MainView;
			sourceTree = "<group>";
		};
		84B88AAD2CB3DF9000F3D255 /* MainViewModel */ = {
			isa = PBXGroup;
			children = (
				84B88AAC2CB3DF9000F3D255 /* viewModel.swift */,
			);
			path = MainViewModel;
			sourceTree = "<group>";
		};
		84B88AAF2CB3DF9000F3D255 /* Models */ = {
			isa = PBXGroup;
			children = (
				84B88AAE2CB3DF9000F3D255 /* Urls.swift */,
			);
			path = Models;
			sourceTree = "<group>";
		};
		84B88AB12CB3DF9000F3D255 /* Preview Content */ = {
			isa = PBXGroup;
			children = (
				84B88AB02CB3DF9000F3D255 /* Preview Assets.xcassets */,
			);
			path = "Preview Content";
			sourceTree = "<group>";
		};
		84B88AB72CB3DF9000F3D255 /* testPrilka */ = {
			isa = PBXGroup;
			children = (
				84B88AC92CB3EF5700F3D255 /* Helpers */,
				84B88AC82CB3EF4600F3D255 /* WebView */,
				84B88AAB2CB3DF9000F3D255 /* MainView */,
				84B88AAD2CB3DF9000F3D255 /* MainViewModel */,
				84B88AAF2CB3DF9000F3D255 /* Models */,
				84B88AB12CB3DF9000F3D255 /* Preview Content */,
				84B88AB32CB3DF9000F3D255 /* Assets.xcassets */,
				84B88AB42CB3DF9000F3D255 /* GoogleService-Info.plist */,
				84B88AB62CB3DF9000F3D255 /* testPrilkaApp.swift */,
			);
			path = testPrilka;
			sourceTree = "<group>";
		};
		84B88AC82CB3EF4600F3D255 /* WebView */ = {
			isa = PBXGroup;
			children = (
				84B88AA92CB3DF9000F3D255 /* WebView.swift */,
			);
			path = WebView;
			sourceTree = "<group>";
		};
		84B88AC92CB3EF5700F3D255 /* Helpers */ = {
			isa = PBXGroup;
			children = (
				84B88AB22CB3DF9000F3D255 /* APIManager.swift */,
				84B88AA72CB3DF9000F3D255 /* Constants.swift */,
			);
			path = Helpers;
			sourceTree = "<group>";
		};
/* End PBXGroup section */

/* Begin PBXNativeTarget section */
		847234312CAEC9DA002BDF7C /* testPrilka */ = {
			isa = PBXNativeTarget;
			buildConfigurationList = 847234402CAEC9DC002BDF7C /* Build configuration list for PBXNativeTarget "testPrilka" */;
			buildPhases = (
				8472342E2CAEC9DA002BDF7C /* Sources */,
				8472342F2CAEC9DA002BDF7C /* Frameworks */,
				847234302CAEC9DA002BDF7C /* Resources */,
			);
			buildRules = (
			);
			dependencies = (
			);
			name = testPrilka;
			packageProductDependencies = (
				847234552CAECB0B002BDF7C /* FirebaseAnalytics */,
				847234572CAECB0B002BDF7C /* FirebaseDatabase */,
				847234592CAECB0B002BDF7C /* FirebaseMessaging */,
				8453A31E2CB15EC200ED14FF /* FacebookCore */,
				84B88AC52CB3E04000F3D255 /* AppsFlyerLib-Static */,
			);
			productName = testPrilka;
			productReference = 847234322CAEC9DA002BDF7C /* testPrilka.app */;
			productType = "com.apple.product-type.application";
		};
/* End PBXNativeTarget section */

/* Begin PBXProject section */
		8472342A2CAEC9DA002BDF7C /* Project object */ = {
			isa = PBXProject;
			attributes = {
				BuildIndependentTargetsInParallel = 1;
				LastSwiftUpdateCheck = 1600;
				LastUpgradeCheck = 1600;
				TargetAttributes = {
					847234312CAEC9DA002BDF7C = {
						CreatedOnToolsVersion = 16.0;
					};
				};
			};
			buildConfigurationList = 8472342D2CAEC9DA002BDF7C /* Build configuration list for PBXProject "testPrilka" */;
			developmentRegion = en;
			hasScannedForEncodings = 0;
			knownRegions = (
				en,
				Base,
			);
			mainGroup = 847234292CAEC9DA002BDF7C;
			minimizedProjectReferenceProxies = 1;
			packageReferences = (
				847234542CAECB0B002BDF7C /* XCRemoteSwiftPackageReference "firebase-ios-sdk" */,
				8453A31D2CB15EC200ED14FF /* XCRemoteSwiftPackageReference "facebook-ios-sdk" */,
				84B88AC42CB3E04000F3D255 /* XCRemoteSwiftPackageReference "AppsFlyerFramework-Static" */,
			);
			preferredProjectObjectVersion = 77;
			productRefGroup = 847234332CAEC9DA002BDF7C /* Products */;
			projectDirPath = "";
			projectRoot = "";
			targets = (
				847234312CAEC9DA002BDF7C /* testPrilka */,
			);
		};
/* End PBXProject section */

/* Begin PBXResourcesBuildPhase section */
		847234302CAEC9DA002BDF7C /* Resources */ = {
			isa = PBXResourcesBuildPhase;
			buildActionMask = 2147483647;
			files = (
				84B88AB82CB3DF9000F3D255 /* Preview Assets.xcassets in Resources */,
				84B88AB92CB3DF9000F3D255 /* Assets.xcassets in Resources */,
				84B88ABA2CB3DF9000F3D255 /* GoogleService-Info.plist in Resources */,
			);
			runOnlyForDeploymentPostprocessing = 0;
		};
/* End PBXResourcesBuildPhase section */

/* Begin PBXSourcesBuildPhase section */
		8472342E2CAEC9DA002BDF7C /* Sources */ = {
			isa = PBXSourcesBuildPhase;
			buildActionMask = 2147483647;
			files = (
				84B88ABB2CB3DF9000F3D255 /* Constants.swift in Sources */,
				84B88ABC2CB3DF9000F3D255 /* ContentView.swift in Sources */,
				84B88ABD2CB3DF9000F3D255 /* WebView.swift in Sources */,
				84B88ABF2CB3DF9000F3D255 /* viewModel.swift in Sources */,
				84B88AC02CB3DF9000F3D255 /* Urls.swift in Sources */,
				84B88AC12CB3DF9000F3D255 /* APIManager.swift in Sources */,
				84B88AC32CB3DF9000F3D255 /* testPrilkaApp.swift in Sources */,
			);
			runOnlyForDeploymentPostprocessing = 0;
		};
/* End PBXSourcesBuildPhase section */

/* Begin XCBuildConfiguration section */
		8472343E2CAEC9DC002BDF7C /* Debug */ = {
			isa = XCBuildConfiguration;
			buildSettings = {
				ALWAYS_SEARCH_USER_PATHS = NO;
				ASSETCATALOG_COMPILER_GENERATE_SWIFT_ASSET_SYMBOL_EXTENSIONS = YES;
				CLANG_ANALYZER_NONNULL = YES;
				CLANG_ANALYZER_NUMBER_OBJECT_CONVERSION = YES_AGGRESSIVE;
				CLANG_CXX_LANGUAGE_STANDARD = "gnu++20";
				CLANG_ENABLE_MODULES = YES;
				CLANG_ENABLE_OBJC_ARC = YES;
				CLANG_ENABLE_OBJC_WEAK = YES;
				CLANG_WARN_BLOCK_CAPTURE_AUTORELEASING = YES;
				CLANG_WARN_BOOL_CONVERSION = YES;
				CLANG_WARN_COMMA = YES;
				CLANG_WARN_CONSTANT_CONVERSION = YES;
				CLANG_WARN_DEPRECATED_OBJC_IMPLEMENTATIONS = YES;
				CLANG_WARN_DIRECT_OBJC_ISA_USAGE = YES_ERROR;
				CLANG_WARN_DOCUMENTATION_COMMENTS = YES;
				CLANG_WARN_EMPTY_BODY = YES;
				CLANG_WARN_ENUM_CONVERSION = YES;
				CLANG_WARN_INFINITE_RECURSION = YES;
				CLANG_WARN_INT_CONVERSION = YES;
				CLANG_WARN_NON_LITERAL_NULL_CONVERSION = YES;
				CLANG_WARN_OBJC_IMPLICIT_RETAIN_SELF = YES;
				CLANG_WARN_OBJC_LITERAL_CONVERSION = YES;
				CLANG_WARN_OBJC_ROOT_CLASS = YES_ERROR;
				CLANG_WARN_QUOTED_INCLUDE_IN_FRAMEWORK_HEADER = YES;
				CLANG_WARN_RANGE_LOOP_ANALYSIS = YES;
				CLANG_WARN_STRICT_PROTOTYPES = YES;
				CLANG_WARN_SUSPICIOUS_MOVE = YES;
				CLANG_WARN_UNGUARDED_AVAILABILITY = YES_AGGRESSIVE;
				CLANG_WARN_UNREACHABLE_CODE = YES;
				CLANG_WARN__DUPLICATE_METHOD_MATCH = YES;
				COPY_PHASE_STRIP = NO;
				DEBUG_INFORMATION_FORMAT = dwarf;
				ENABLE_STRICT_OBJC_MSGSEND = YES;
				ENABLE_TESTABILITY = YES;
				ENABLE_USER_SCRIPT_SANDBOXING = YES;
				GCC_C_LANGUAGE_STANDARD = gnu17;
				GCC_DYNAMIC_NO_PIC = NO;
				GCC_NO_COMMON_BLOCKS = YES;
				GCC_OPTIMIZATION_LEVEL = 0;
				GCC_PREPROCESSOR_DEFINITIONS = (
					"DEBUG=1",
					"$(inherited)",
				);
				GCC_WARN_64_TO_32_BIT_CONVERSION = YES;
				GCC_WARN_ABOUT_RETURN_TYPE = YES_ERROR;
				GCC_WARN_UNDECLARED_SELECTOR = YES;
				GCC_WARN_UNINITIALIZED_AUTOS = YES_AGGRESSIVE;
				GCC_WARN_UNUSED_FUNCTION = YES;
				GCC_WARN_UNUSED_VARIABLE = YES;
				IPHONEOS_DEPLOYMENT_TARGET = 18.0;
				LOCALIZATION_PREFERS_STRING_CATALOGS = YES;
				MTL_ENABLE_DEBUG_INFO = INCLUDE_SOURCE;
				MTL_FAST_MATH = YES;
				ONLY_ACTIVE_ARCH = YES;
				SDKROOT = iphoneos;
				SWIFT_ACTIVE_COMPILATION_CONDITIONS = "DEBUG $(inherited)";
				SWIFT_OPTIMIZATION_LEVEL = "-Onone";
			};
			name = Debug;
		};
		8472343F2CAEC9DC002BDF7C /* Release */ = {
			isa = XCBuildConfiguration;
			buildSettings = {
				ALWAYS_SEARCH_USER_PATHS = NO;
				ASSETCATALOG_COMPILER_GENERATE_SWIFT_ASSET_SYMBOL_EXTENSIONS = YES;
				CLANG_ANALYZER_NONNULL = YES;
				CLANG_ANALYZER_NUMBER_OBJECT_CONVERSION = YES_AGGRESSIVE;
				CLANG_CXX_LANGUAGE_STANDARD = "gnu++20";
				CLANG_ENABLE_MODULES = YES;
				CLANG_ENABLE_OBJC_ARC = YES;
				CLANG_ENABLE_OBJC_WEAK = YES;
				CLANG_WARN_BLOCK_CAPTURE_AUTORELEASING = YES;
				CLANG_WARN_BOOL_CONVERSION = YES;
				CLANG_WARN_COMMA = YES;
				CLANG_WARN_CONSTANT_CONVERSION = YES;
				CLANG_WARN_DEPRECATED_OBJC_IMPLEMENTATIONS = YES;
				CLANG_WARN_DIRECT_OBJC_ISA_USAGE = YES_ERROR;
				CLANG_WARN_DOCUMENTATION_COMMENTS = YES;
				CLANG_WARN_EMPTY_BODY = YES;
				CLANG_WARN_ENUM_CONVERSION = YES;
				CLANG_WARN_INFINITE_RECURSION = YES;
				CLANG_WARN_INT_CONVERSION = YES;
				CLANG_WARN_NON_LITERAL_NULL_CONVERSION = YES;
				CLANG_WARN_OBJC_IMPLICIT_RETAIN_SELF = YES;
				CLANG_WARN_OBJC_LITERAL_CONVERSION = YES;
				CLANG_WARN_OBJC_ROOT_CLASS = YES_ERROR;
				CLANG_WARN_QUOTED_INCLUDE_IN_FRAMEWORK_HEADER = YES;
				CLANG_WARN_RANGE_LOOP_ANALYSIS = YES;
				CLANG_WARN_STRICT_PROTOTYPES = YES;
				CLANG_WARN_SUSPICIOUS_MOVE = YES;
				CLANG_WARN_UNGUARDED_AVAILABILITY = YES_AGGRESSIVE;
				CLANG_WARN_UNREACHABLE_CODE = YES;
				CLANG_WARN__DUPLICATE_METHOD_MATCH = YES;
				COPY_PHASE_STRIP = NO;
				DEBUG_INFORMATION_FORMAT = "dwarf-with-dsym";
				ENABLE_NS_ASSERTIONS = NO;
				ENABLE_STRICT_OBJC_MSGSEND = YES;
				ENABLE_USER_SCRIPT_SANDBOXING = YES;
				GCC_C_LANGUAGE_STANDARD = gnu17;
				GCC_NO_COMMON_BLOCKS = YES;
				GCC_WARN_64_TO_32_BIT_CONVERSION = YES;
				GCC_WARN_ABOUT_RETURN_TYPE = YES_ERROR;
				GCC_WARN_UNDECLARED_SELECTOR = YES;
				GCC_WARN_UNINITIALIZED_AUTOS = YES_AGGRESSIVE;
				GCC_WARN_UNUSED_FUNCTION = YES;
				GCC_WARN_UNUSED_VARIABLE = YES;
				IPHONEOS_DEPLOYMENT_TARGET = 18.0;
				LOCALIZATION_PREFERS_STRING_CATALOGS = YES;
				MTL_ENABLE_DEBUG_INFO = NO;
				MTL_FAST_MATH = YES;
				SDKROOT = iphoneos;
				SWIFT_COMPILATION_MODE = wholemodule;
				VALIDATE_PRODUCT = YES;
			};
			name = Release;
		};
		847234412CAEC9DC002BDF7C /* Debug */ = {
			isa = XCBuildConfiguration;
			buildSettings = {
				ASSETCATALOG_COMPILER_APPICON_NAME = AppIcon;
				ASSETCATALOG_COMPILER_GLOBAL_ACCENT_COLOR_NAME = AccentColor;
				CODE_SIGN_STYLE = Automatic;
				CURRENT_PROJECT_VERSION = 1;
				DEVELOPMENT_ASSET_PATHS = "\"testPrilka/Preview Content\"";
				DEVELOPMENT_TEAM = U423669TKH;
				ENABLE_PREVIEWS = YES;
				GENERATE_INFOPLIST_FILE = YES;
				INFOPLIST_FILE = "";
				INFOPLIST_KEY_UIApplicationSceneManifest_Generation = YES;
				INFOPLIST_KEY_UIApplicationSupportsIndirectInputEvents = YES;
				INFOPLIST_KEY_UILaunchScreen_Generation = YES;
				INFOPLIST_KEY_UISupportedInterfaceOrientations_iPad = "UIInterfaceOrientationPortrait UIInterfaceOrientationPortraitUpsideDown UIInterfaceOrientationLandscapeLeft UIInterfaceOrientationLandscapeRight";
				INFOPLIST_KEY_UISupportedInterfaceOrientations_iPhone = "UIInterfaceOrientationPortrait UIInterfaceOrientationLandscapeLeft UIInterfaceOrientationLandscapeRight";
				LD_RUNPATH_SEARCH_PATHS = (
					"$(inherited)",
					"@executable_path/Frameworks",
				);
				MARKETING_VERSION = 1.0;
				PRODUCT_BUNDLE_IDENTIFIER = sv.testPrilka;
				PRODUCT_NAME = "$(TARGET_NAME)";
				SUPPORTED_PLATFORMS = "iphoneos iphonesimulator";
				SUPPORTS_MACCATALYST = NO;
				SUPPORTS_MAC_DESIGNED_FOR_IPHONE_IPAD = NO;
				SUPPORTS_XR_DESIGNED_FOR_IPHONE_IPAD = NO;
				SWIFT_EMIT_LOC_STRINGS = YES;
				SWIFT_VERSION = 5.0;
				TARGETED_DEVICE_FAMILY = 1;
			};
			name = Debug;
		};
		847234422CAEC9DC002BDF7C /* Release */ = {
			isa = XCBuildConfiguration;
			buildSettings = {
				ASSETCATALOG_COMPILER_APPICON_NAME = AppIcon;
				ASSETCATALOG_COMPILER_GLOBAL_ACCENT_COLOR_NAME = AccentColor;
				CODE_SIGN_STYLE = Automatic;
				CURRENT_PROJECT_VERSION = 1;
				DEVELOPMENT_ASSET_PATHS = "\"testPrilka/Preview Content\"";
				DEVELOPMENT_TEAM = U423669TKH;
				ENABLE_PREVIEWS = YES;
				GENERATE_INFOPLIST_FILE = YES;
				INFOPLIST_FILE = "";
				INFOPLIST_KEY_UIApplicationSceneManifest_Generation = YES;
				INFOPLIST_KEY_UIApplicationSupportsIndirectInputEvents = YES;
				INFOPLIST_KEY_UILaunchScreen_Generation = YES;
				INFOPLIST_KEY_UISupportedInterfaceOrientations_iPad = "UIInterfaceOrientationPortrait UIInterfaceOrientationPortraitUpsideDown UIInterfaceOrientationLandscapeLeft UIInterfaceOrientationLandscapeRight";
				INFOPLIST_KEY_UISupportedInterfaceOrientations_iPhone = "UIInterfaceOrientationPortrait UIInterfaceOrientationLandscapeLeft UIInterfaceOrientationLandscapeRight";
				LD_RUNPATH_SEARCH_PATHS = (
					"$(inherited)",
					"@executable_path/Frameworks",
				);
				MARKETING_VERSION = 1.0;
				PRODUCT_BUNDLE_IDENTIFIER = sv.testPrilka;
				PRODUCT_NAME = "$(TARGET_NAME)";
				SUPPORTED_PLATFORMS = "iphoneos iphonesimulator";
				SUPPORTS_MACCATALYST = NO;
				SUPPORTS_MAC_DESIGNED_FOR_IPHONE_IPAD = NO;
				SUPPORTS_XR_DESIGNED_FOR_IPHONE_IPAD = NO;
				SWIFT_EMIT_LOC_STRINGS = YES;
				SWIFT_VERSION = 5.0;
				TARGETED_DEVICE_FAMILY = 1;
			};
			name = Release;
		};
/* End XCBuildConfiguration section */

/* Begin XCConfigurationList section */
		8472342D2CAEC9DA002BDF7C /* Build configuration list for PBXProject "testPrilka" */ = {
			isa = XCConfigurationList;
			buildConfigurations = (
				8472343E2CAEC9DC002BDF7C /* Debug */,
				8472343F2CAEC9DC002BDF7C /* Release */,
			);
			defaultConfigurationIsVisible = 0;
			defaultConfigurationName = Release;
		};
		847234402CAEC9DC002BDF7C /* Build configuration list for PBXNativeTarget "testPrilka" */ = {
			isa = XCConfigurationList;
			buildConfigurations = (
				847234412CAEC9DC002BDF7C /* Debug */,
				847234422CAEC9DC002BDF7C /* Release */,
			);
			defaultConfigurationIsVisible = 0;
			defaultConfigurationName = Release;
		};
/* End XCConfigurationList section */

/* Begin XCRemoteSwiftPackageReference section */
		8453A31D2CB15EC200ED14FF /* XCRemoteSwiftPackageReference "facebook-ios-sdk" */ = {
			isa = XCRemoteSwiftPackageReference;
			repositoryURL = "https://github.com/facebook/facebook-ios-sdk";
			requirement = {
				kind = upToNextMajorVersion;
				minimumVersion = 14.1.0;
			};
		};
		847234542CAECB0B002BDF7C /* XCRemoteSwiftPackageReference "firebase-ios-sdk" */ = {
			isa = XCRemoteSwiftPackageReference;
			repositoryURL = "https://github.com/firebase/firebase-ios-sdk.git";
			requirement = {
				kind = upToNextMajorVersion;
				minimumVersion = 11.3.0;
			};
		};
		84B88AC42CB3E04000F3D255 /* XCRemoteSwiftPackageReference "AppsFlyerFramework-Static" */ = {
			isa = XCRemoteSwiftPackageReference;
			repositoryURL = "https://github.com/AppsFlyerSDK/AppsFlyerFramework-Static";
			requirement = {
				kind = upToNextMajorVersion;
				minimumVersion = 6.15.3;
			};
		};
/* End XCRemoteSwiftPackageReference section */

/* Begin XCSwiftPackageProductDependency section */
		8453A31E2CB15EC200ED14FF /* FacebookCore */ = {
			isa = XCSwiftPackageProductDependency;
			package = 8453A31D2CB15EC200ED14FF /* XCRemoteSwiftPackageReference "facebook-ios-sdk" */;
			productName = FacebookCore;
		};
		847234552CAECB0B002BDF7C /* FirebaseAnalytics */ = {
			isa = XCSwiftPackageProductDependency;
			package = 847234542CAECB0B002BDF7C /* XCRemoteSwiftPackageReference "firebase-ios-sdk" */;
			productName = FirebaseAnalytics;
		};
		847234572CAECB0B002BDF7C /* FirebaseDatabase */ = {
			isa = XCSwiftPackageProductDependency;
			package = 847234542CAECB0B002BDF7C /* XCRemoteSwiftPackageReference "firebase-ios-sdk" */;
			productName = FirebaseDatabase;
		};
		847234592CAECB0B002BDF7C /* FirebaseMessaging */ = {
			isa = XCSwiftPackageProductDependency;
			package = 847234542CAECB0B002BDF7C /* XCRemoteSwiftPackageReference "firebase-ios-sdk" */;
			productName = FirebaseMessaging;
		};
		84B88AC52CB3E04000F3D255 /* AppsFlyerLib-Static */ = {
			isa = XCSwiftPackageProductDependency;
			package = 84B88AC42CB3E04000F3D255 /* XCRemoteSwiftPackageReference "AppsFlyerFramework-Static" */;
			productName = "AppsFlyerLib-Static";
		};
/* End XCSwiftPackageProductDependency section */
	};
	rootObject = 8472342A2CAEC9DA002BDF7C /* Project object */;
}
